# This file was autogenerated by Stack.
# You should not edit this file by hand.
# For more information, please see the documentation at:
#   https://docs.haskellstack.org/en/stable/lock_files

packages:
- completed:
    hackage: dir-traverse-0.2.3.0@sha256:adcc128f201ff95131b15ffe41365dc99c50dc3fa3a910f021521dc734013bfa,2137
    pantry-tree:
      size: 389
      sha256: b19f0562746dfd0f8f21eccab6584592f55fb781ca3e043da9132cc23d8a5b99
  original:
    hackage: dir-traverse-0.2.3.0@sha256:adcc128f201ff95131b15ffe41365dc99c50dc3fa3a910f021521dc734013bfa,2137
- completed:
    hackage: linux-inotify-0.3.0.2@sha256:c1babde8fd104151696cf4cf95f21d72a056ead89f879abf68330476c818af44,2538
    pantry-tree:
      size: 277
      sha256: 487d3c49453c9fe980508f446c3286088e4abc3611747233f465f9b0fa3b9f04
  original:
    hackage: linux-inotify-0.3.0.2@sha256:c1babde8fd104151696cf4cf95f21d72a056ead89f879abf68330476c818af44,2538
- completed:
    hackage: brick-0.60.1@sha256:bbd4eca3831291562e303c7aceb11087ee14d7821bdb1c4608c3d500f0420429,16152
    pantry-tree:
      size: 6189
      sha256: 9c35bd5ba4b04b673b66a63bca4aaff79f79ec4e0b5fcee3163c9e798de89fbe
  original:
    hackage: brick-0.60.1@sha256:bbd4eca3831291562e303c7aceb11087ee14d7821bdb1c4608c3d500f0420429,16152
snapshots:
- completed:
    size: 563099
    url: https://raw.githubusercontent.com/commercialhaskell/stackage-snapshots/master/lts/17/2.yaml
    sha256: 92b1a17e31d0a978fca4bf270305d4d1dd8092271bf60eafbc9349c890854026
  original:
    url: https://raw.githubusercontent.com/commercialhaskell/stackage-snapshots/master/lts/17/2.yaml
