# This file was autogenerated by Stack.
# You should not edit this file by hand.
# For more information, please see the documentation at:
#   https://docs.haskellstack.org/en/stable/lock_files

packages:
- completed:
    hackage: linux-inotify-0.3.0.2@sha256:c1babde8fd104151696cf4cf95f21d72a056ead89f879abf68330476c818af44,2538
    pantry-tree:
      size: 277
      sha256: 487d3c49453c9fe980508f446c3286088e4abc3611747233f465f9b0fa3b9f04
  original:
    hackage: linux-inotify-0.3.0.2@sha256:c1babde8fd104151696cf4cf95f21d72a056ead89f879abf68330476c818af44,2538
- completed:
    hackage: brick-0.60.1@sha256:bbd4eca3831291562e303c7aceb11087ee14d7821bdb1c4608c3d500f0420429,16152
    pantry-tree:
      size: 6189
      sha256: 9c35bd5ba4b04b673b66a63bca4aaff79f79ec4e0b5fcee3163c9e798de89fbe
  original:
    hackage: brick-0.60.1@sha256:bbd4eca3831291562e303c7aceb11087ee14d7821bdb1c4608c3d500f0420429,16152
- completed:
    size: 8445
    url: https://github.com/turboMaCk/unix-recursive/archive/4112e3b5c7838f556e9d1aa0a4a843375e867bcb.tar.gz
    name: unix-recursive
    version: 0.1.0.0
    sha256: 0d8ab47157fa8427f26e0c60652512c65646d12d0f2caa6bf6fee608210a991f
    pantry-tree:
      size: 1193
      sha256: d9c958095e74384cafaa7dd3e1c2ebdd36cc8789299d79c51a7f2b3fd5c43ad7
  original:
    url: https://github.com/turboMaCk/unix-recursive/archive/4112e3b5c7838f556e9d1aa0a4a843375e867bcb.tar.gz
- completed:
    hackage: portable-lines-0.1@sha256:21c3b905888a4b43f957cd8e8cdf2af00942bb161aa19a6b20db18b661de0510,1552
    pantry-tree:
      size: 371
      sha256: 2eeb1d9aefe4fb172dc56baa75f09aaaac824799d926922b4673188293f9f95c
  original:
    hackage: portable-lines-0.1@sha256:21c3b905888a4b43f957cd8e8cdf2af00942bb161aa19a6b20db18b661de0510,1552
snapshots:
- completed:
    size: 563099
    url: https://raw.githubusercontent.com/commercialhaskell/stackage-snapshots/master/lts/17/2.yaml
    sha256: 92b1a17e31d0a978fca4bf270305d4d1dd8092271bf60eafbc9349c890854026
  original:
    url: https://raw.githubusercontent.com/commercialhaskell/stackage-snapshots/master/lts/17/2.yaml
