# This file was autogenerated by Stack.
# You should not edit this file by hand.
# For more information, please see the documentation at:
#   https://docs.haskellstack.org/en/stable/lock_files

packages:
- completed:
    hackage: cherry-core-alpha-0.5.0.0@sha256:9c0346ab298a57211d99a1f045a477ed59fa4bbdcb0ac6cbea2a0abfee4683e0,2581
    pantry-tree:
      size: 2512
      sha256: b5e0628e22db2a5e13881bafdf0323a76c1b9f6648d74e98ccd94bae71c0ff0c
  original:
    hackage: cherry-core-alpha-0.5.0.0@sha256:9c0346ab298a57211d99a1f045a477ed59fa4bbdcb0ac6cbea2a0abfee4683e0,2581
- completed:
    hackage: text-utf8-1.2.3.0@sha256:5c921fdb926f21a654036f2d42c79b04ea4303dbc5f28eabd48423c27ff10816,8127
    pantry-tree:
      size: 7325
      sha256: 96ddb8119b82aab9de1db02e7458bf11e0744e32a06c2a89f17c014e1f95e2bd
  original:
    hackage: text-utf8-1.2.3.0@sha256:5c921fdb926f21a654036f2d42c79b04ea4303dbc5f28eabd48423c27ff10816,8127
snapshots:
- completed:
    size: 524996
    url: https://raw.githubusercontent.com/commercialhaskell/stackage-snapshots/master/lts/14/27.yaml
    sha256: 7ea31a280c56bf36ff591a7397cc384d0dff622e7f9e4225b47d8980f019a0f0
  original:
    url: https://raw.githubusercontent.com/commercialhaskell/stackage-snapshots/master/lts/14/27.yaml
